
Microsoft Visual Studio Solution File, Format Version 12.00
# Visual Studio Version 17
VisualStudioVersion = 17.3.32929.385
MinimumVisualStudioVersion = 10.0.40219.1
Project("{9A19103F-16F7-4668-BE54-9A1E7A4F7556}") = "FreshFarmMarket_210705C", "FreshFarmMarket_210705C.csproj", "{CB742A8C-E208-4C36-BF54-AF749DC6A623}"
EndProject
Global
	GlobalSection(SolutionConfigurationPlatforms) = preSolution
		Debug|Any CPU = Debug|Any CPU
		Release|Any CPU = Release|Any CPU
	EndGlobalSection
	GlobalSection(ProjectConfigurationPlatforms) = postSolution
		{CB742A8C-E208-4C36-BF54-AF749DC6A623}.Debug|Any CPU.ActiveCfg = Debug|Any CPU
		{CB742A8C-E208-4C36-BF54-AF749DC6A623}.Debug|Any CPU.Build.0 = Debug|Any CPU
		{CB742A8C-E208-4C36-BF54-AF749DC6A623}.Release|Any CPU.ActiveCfg = Release|Any CPU
		{CB742A8C-E208-4C36-BF54-AF749DC6A623}.Release|Any CPU.Build.0 = Release|Any CPU
	EndGlobalSection
	GlobalSection(SolutionProperties) = preSolution
		HideSolutionNode = FALSE
	EndGlobalSection
	GlobalSection(ExtensibilityGlobals) = postSolution
		SolutionGuid = {A2426590-FE06-4EEE-842A-CB103DCA614C}
	EndGlobalSection
EndGlobal
